Microsoft Visual Studio Solution File, Format Version 12.00
# Visual Studio Version 17
VisualStudioVersion = 17.1.32210.238
MinimumVisualStudioVersion = 10.0.40219.1
Project("{2150E333-8FDC-42A3-9474-1A3956D46DE8}") = "Solution Items", "Solution Items", "{6240FF77-1BB4-402E-AEEF-7EB85E9C7E75}"
	ProjectSection(SolutionItems) = preProject
		.gitignore = .gitignore
		README.md = README.md
		SyncfusionKey.txt = SyncfusionKey.txt
		SyncfusionLicenseRegister.bat = SyncfusionLicenseRegister.bat
	EndProjectSection
EndProject
Project("{9A19103F-16F7-4668-BE54-9A1E7A4F7556}") = "FileUpgrader", "source\FileUpgrader\FileUpgrader.csproj", "{E3FE060B-15D9-4E01-9B59-A06D28847146}"
EndProject
Project("{9A19103F-16F7-4668-BE54-9A1E7A4F7556}") = "_build", "build\_build.csproj", "{EC50F2D0-EAEA-4119-A131-D158042FE446}"
EndProject
Global
	GlobalSection(SolutionConfigurationPlatforms) = preSolution
		Debug R21|x64 = Debug R21|x64
		Debug R22|x64 = Debug R22|x64
		Debug R23|x64 = Debug R23|x64
		Debug R24|x64 = Debug R24|x64
		Debug R25|x64 = Debug R25|x64
		Release R21|x64 = Release R21|x64
		Release R22|x64 = Release R22|x64
		Release R23|x64 = Release R23|x64
		Release R24|x64 = Release R24|x64
		Release R25|x64 = Release R25|x64
	EndGlobalSection
	GlobalSection(ProjectConfigurationPlatforms) = postSolution
		{E3FE060B-15D9-4E01-9B59-A06D28847146}.Debug R21|x64.ActiveCfg = Debug R21|x64
		{E3FE060B-15D9-4E01-9B59-A06D28847146}.Debug R21|x64.Build.0 = Debug R21|x64
		{E3FE060B-15D9-4E01-9B59-A06D28847146}.Debug R22|x64.ActiveCfg = Debug R22|x64
		{E3FE060B-15D9-4E01-9B59-A06D28847146}.Debug R22|x64.Build.0 = Debug R22|x64
		{E3FE060B-15D9-4E01-9B59-A06D28847146}.Debug R23|x64.ActiveCfg = Debug R23|x64
		{E3FE060B-15D9-4E01-9B59-A06D28847146}.Debug R23|x64.Build.0 = Debug R23|x64
		{E3FE060B-15D9-4E01-9B59-A06D28847146}.Debug R24|x64.ActiveCfg = Debug R24|x64
		{E3FE060B-15D9-4E01-9B59-A06D28847146}.Debug R24|x64.Build.0 = Debug R24|x64
		{E3FE060B-15D9-4E01-9B59-A06D28847146}.Debug R25|x64.ActiveCfg = Debug R25|x64
		{E3FE060B-15D9-4E01-9B59-A06D28847146}.Debug R25|x64.Build.0 = Debug R25|x64
		{E3FE060B-15D9-4E01-9B59-A06D28847146}.Release R21|x64.ActiveCfg = Release R21|x64
		{E3FE060B-15D9-4E01-9B59-A06D28847146}.Release R21|x64.Build.0 = Release R21|x64
		{E3FE060B-15D9-4E01-9B59-A06D28847146}.Release R22|x64.ActiveCfg = Release R22|x64
		{E3FE060B-15D9-4E01-9B59-A06D28847146}.Release R22|x64.Build.0 = Release R22|x64
		{E3FE060B-15D9-4E01-9B59-A06D28847146}.Release R23|x64.ActiveCfg = Release R23|x64
		{E3FE060B-15D9-4E01-9B59-A06D28847146}.Release R23|x64.Build.0 = Release R23|x64
		{E3FE060B-15D9-4E01-9B59-A06D28847146}.Release R24|x64.ActiveCfg = Release R24|x64
		{E3FE060B-15D9-4E01-9B59-A06D28847146}.Release R24|x64.Build.0 = Release R24|x64
		{E3FE060B-15D9-4E01-9B59-A06D28847146}.Release R25|x64.ActiveCfg = Release R25|x64
		{E3FE060B-15D9-4E01-9B59-A06D28847146}.Release R25|x64.Build.0 = Release R25|x64
		{EC50F2D0-EAEA-4119-A131-D158042FE446}.Debug R21|x64.ActiveCfg = Debug|Any CPU
		{EC50F2D0-EAEA-4119-A131-D158042FE446}.Debug R22|x64.ActiveCfg = Debug|Any CPU
		{EC50F2D0-EAEA-4119-A131-D158042FE446}.Debug R23|x64.ActiveCfg = Debug|Any CPU
		{EC50F2D0-EAEA-4119-A131-D158042FE446}.Debug R24|x64.ActiveCfg = Debug|Any CPU
		{EC50F2D0-EAEA-4119-A131-D158042FE446}.Debug R25|x64.ActiveCfg = Debug|Any CPU
		{EC50F2D0-EAEA-4119-A131-D158042FE446}.Release R21|x64.ActiveCfg = Release|Any CPU
		{EC50F2D0-EAEA-4119-A131-D158042FE446}.Release R22|x64.ActiveCfg = Release|Any CPU
		{EC50F2D0-EAEA-4119-A131-D158042FE446}.Release R23|x64.ActiveCfg = Release|Any CPU
		{EC50F2D0-EAEA-4119-A131-D158042FE446}.Release R24|x64.ActiveCfg = Release|Any CPU
		{EC50F2D0-EAEA-4119-A131-D158042FE446}.Release R25|x64.ActiveCfg = Release|Any CPU
	EndGlobalSection
	GlobalSection(SolutionProperties) = preSolution
		HideSolutionNode = FALSE
	EndGlobalSection
	GlobalSection(ExtensibilityGlobals) = postSolution
		SolutionGuid = {16CA004A-9678-4AB3-92F3-3F5BFDDE2534}
	EndGlobalSection
EndGlobal
8042FE446}.Release R22|x64.Build.0 = Release|Any CPU
		{EC50F2D0-EAEA-4119-A131-D158042FE446}.Release R23|x64.ActiveCfg = Release|Any CPU
		{EC50F2D0-EAEA-4119-A131-D158042FE446}.Release R23|x64.Build.0 = Release|Any CPU
		{EC50F2D0-EAEA-4119-A131-D158042FE446}.Release R24|x64.ActiveCfg = Release|Any CPU
		{EC50F2D0-EAEA-4119-A131-D158042FE446}.Release R24|x64.Build.0 = Release|Any CPU
		{EC50F2D0-EAEA-4119-A131-D158042FE446}.Release R25|x64.ActiveCfg = Release|Any CPU
		{EC50F2D0-EAEA-4119-A131-D158042FE446}.Release R25|x64.Build.0 = Release|Any CPU
	EndGlobalSection
	GlobalSection(SolutionProperties) = preSolution
		HideSolutionNode = FALSE
	EndGlobalSection
	GlobalSection(ExtensibilityGlobals) = postSolution
		SolutionGuid = {16CA004A-9678-4AB3-92F3-3F5BFDDE2534}
	EndGlobalSection
EndGlobal
